
Microsoft Visual Studio Solution File, Format Version 12.00
# Visual Studio 15
VisualStudioVersion = 15.0.27130.2024
MinimumVisualStudioVersion = 10.0.40219.1
Project("{F184B08F-C81C-45F6-A57F-5ABD9991F28F}") = "CRUDUsers", "CRUDUsers\CRUDUsers.vbproj", "{962AD99B-92E3-48AA-B9E7-14CE79163D50}"
EndProject
Global
	GlobalSection(SolutionConfigurationPlatforms) = preSolution
		Debug|Any CPU = Debug|Any CPU
		Release|Any CPU = Release|Any CPU
	EndGlobalSection
	GlobalSection(ProjectConfigurationPlatforms) = postSolution
		{962AD99B-92E3-48AA-B9E7-14CE79163D50}.Debug|Any CPU.ActiveCfg = Debug|Any CPU
		{962AD99B-92E3-48AA-B9E7-14CE79163D50}.Debug|Any CPU.Build.0 = Debug|Any CPU
		{962AD99B-92E3-48AA-B9E7-14CE79163D50}.Release|Any CPU.ActiveCfg = Release|Any CPU
		{962AD99B-92E3-48AA-B9E7-14CE79163D50}.Release|Any CPU.Build.0 = Release|Any CPU
	EndGlobalSection
	GlobalSection(SolutionProperties) = preSolution
		HideSolutionNode = FALSE
	EndGlobalSection
	GlobalSection(ExtensibilityGlobals) = postSolution
		SolutionGuid = {65774F78-7084-4E2A-90F8-983CBCDFFFED}
	EndGlobalSection
EndGlobal
